<?xml version="1.0" encoding="UTF-8"?>
<CONFIG>
  <ProjectOptions>
    <Version Value="12"/>
    <General>
      <Title Value="FEM3D"/>
    </General>
    <BuildModes>
      <Item Name="default" Default="True"/>
    </BuildModes>
    <PublishOptions>
      <Version Value="2"/>
    </PublishOptions>
    <RunParams>
      <FormatVersion Value="2"/>
    </RunParams>
    <RequiredPackages>
      <Item>
        <PackageName Value="lazopenglcontext"/>
      </Item>
      <Item>
        <PackageName Value="LCL"/>
      </Item>
    </RequiredPackages>
    <Units>
      <Unit>
        <Filename Value="fem3d.lpr"/>
        <IsPartOfProject Value="True"/>
        <CursorPos X="19" Y="6"/>
        <UsageCount Value="26"/>
        <Loaded Value="True"/>
      </Unit>
      <Unit>
        <Filename Value="src/MainUnit.pas"/>
        <IsPartOfProject Value="True"/>
        <IsVisibleTab Value="True"/>
        <EditorIndex Value="1"/>
        <TopLine Value="313"/>
        <CursorPos X="78" Y="340"/>
        <UsageCount Value="26"/>
        <Loaded Value="True"/>
      </Unit>
      <Unit>
        <Filename Value="src/FEMTypes.pas"/>
        <IsPartOfProject Value="True"/>
        <EditorIndex Value="17"/>
        <CursorPos X="18" Y="28"/>
        <UsageCount Value="26"/>
        <Loaded Value="True"/>
      </Unit>
      <Unit>
        <Filename Value="src/FEMModel.pas"/>
        <IsPartOfProject Value="True"/>
        <EditorIndex Value="11"/>
        <UsageCount Value="26"/>
        <Loaded Value="True"/>
      </Unit>
      <Unit>
        <Filename Value="src/FEMElements.pas"/>
        <IsPartOfProject Value="True"/>
        <EditorIndex Value="7"/>
        <UsageCount Value="26"/>
        <Loaded Value="True"/>
      </Unit>
      <Unit>
        <Filename Value="src/FEMMatrix.pas"/>
        <IsPartOfProject Value="True"/>
        <EditorIndex Value="10"/>
        <UsageCount Value="26"/>
        <Loaded Value="True"/>
      </Unit>
      <Unit>
        <Filename Value="src/FEMAnalysis.pas"/>
        <IsPartOfProject Value="True"/>
        <EditorIndex Value="4"/>
        <TopLine Value="105"/>
        <CursorPos X="17" Y="131"/>
        <UsageCount Value="26"/>
        <Loaded Value="True"/>
      </Unit>
      <Unit>
        <Filename Value="src/FEMIO.pas"/>
        <IsPartOfProject Value="True"/>
        <EditorIndex Value="9"/>
        <TopLine Value="40"/>
        <CursorPos X="45" Y="60"/>
        <UsageCount Value="26"/>
        <Loaded Value="True"/>
      </Unit>
      <Unit>
        <Filename Value="src/FEMView.pas"/>
        <IsPartOfProject Value="True"/>
        <EditorIndex Value="20"/>
        <TopLine Value="64"/>
        <CursorPos X="49" Y="81"/>
        <UsageCount Value="26"/>
        <Loaded Value="True"/>
      </Unit>
      <Unit>
        <Filename Value="src/FEMSelection.pas"/>
        <IsPartOfProject Value="True"/>
        <EditorIndex Value="15"/>
        <TopLine Value="31"/>
        <CursorPos X="12" Y="44"/>
        <UsageCount Value="26"/>
        <Loaded Value="True"/>
      </Unit>
      <Unit>
        <Filename Value="src/FEMVerification.pas"/>
        <IsPartOfProject Value="True"/>
        <EditorIndex Value="19"/>
        <CursorPos X="24" Y="13"/>
        <UsageCount Value="26"/>
        <Loaded Value="True"/>
      </Unit>
      <Unit>
        <Filename Value="src/FEMValidation.pas"/>
        <IsPartOfProject Value="True"/>
        <EditorIndex Value="18"/>
        <CursorPos X="49" Y="6"/>
        <UsageCount Value="26"/>
        <Loaded Value="True"/>
      </Unit>
      <Unit>
        <Filename Value="src/FEMAnalysisCases.pas"/>
        <IsPartOfProject Value="True"/>
        <EditorIndex Value="5"/>
        <UsageCount Value="26"/>
        <Loaded Value="True"/>
      </Unit>
      <Unit>
        <Filename Value="src/FEMHash.pas"/>
        <IsPartOfProject Value="True"/>
        <EditorIndex Value="8"/>
        <UsageCount Value="26"/>
        <Loaded Value="True"/>
      </Unit>
      <Unit>
        <Filename Value="src/FEMAnalysisUI.pas"/>
        <IsPartOfProject Value="True"/>
        <EditorIndex Value="6"/>
        <UsageCount Value="26"/>
        <Loaded Value="True"/>
      </Unit>
      <Unit>
        <Filename Value="src/FEMSolverProcess.pas"/>
        <IsPartOfProject Value="True"/>
        <EditorIndex Value="16"/>
        <UsageCount Value="26"/>
        <Loaded Value="True"/>
      </Unit>
      <Unit>
        <Filename Value="src/FEMResults.pas"/>
        <IsPartOfProject Value="True"/>
        <EditorIndex Value="14"/>
        <UsageCount Value="26"/>
        <Loaded Value="True"/>
      </Unit>
      <Unit>
        <Filename Value="src/FEMResultFields.pas"/>
        <IsPartOfProject Value="True"/>
        <EditorIndex Value="13"/>
        <TopLine Value="174"/>
        <CursorPos X="27" Y="189"/>
        <UsageCount Value="26"/>
        <Loaded Value="True"/>
      </Unit>
      <Unit>
        <Filename Value="src/FEMOpenGLView.pas"/>
        <IsPartOfProject Value="True"/>
        <EditorIndex Value="12"/>
        <TopLine Value="485"/>
        <CursorPos X="68" Y="511"/>
        <UsageCount Value="26"/>
        <Loaded Value="True"/>
      </Unit>
      <Unit>
        <Filename Value="../../lazarus/lcl/forms.pp"/>
        <UnitName Value="Forms"/>
        <EditorIndex Value="-1"/>
        <TopLine Value="645"/>
        <CursorPos X="3" Y="513"/>
        <UsageCount Value="10"/>
      </Unit>
      <Unit>
        <Filename Value="../../lazarus/lcl/comctrls.pp"/>
        <UnitName Value="ComCtrls"/>
        <EditorIndex Value="-1"/>
        <TopLine Value="2797"/>
        <CursorPos X="3" Y="2805"/>
        <UsageCount Value="10"/>
      </Unit>
      <Unit>
        <Filename Value="../../lazarus/lcl/interfaces/win32/win32wscontrols.pp"/>
        <UnitName Value="Win32WSControls"/>
        <EditorIndex Value="-1"/>
        <CursorPos Y="227"/>
        <UsageCount Value="10"/>
      </Unit>
      <Unit>
        <Filename Value="src/FEMModelEditor.pas"/>
        <EditorIndex Value="3"/>
        <TopLine Value="152"/>
        <CursorPos X="23" Y="169"/>
        <UsageCount Value="12"/>
        <Loaded Value="True"/>
      </Unit>
      <Unit>
        <Filename Value="src/FEMBeamMesher.pas"/>
        <EditorIndex Value="2"/>
        <TopLine Value="26"/>
        <CursorPos X="3" Y="47"/>
        <UsageCount Value="11"/>
        <Loaded Value="True"/>
      </Unit>
    </Units>
    <JumpHistory HistoryIndex="29">
      <Position>
        <Filename Value="src/FEMBeamMesher.pas"/>
        <Caret Line="14" Column="8"/>
      </Position>
      <Position>
        <Filename Value="src/FEMBeamMesher.pas"/>
        <Caret Line="36" Column="20"/>
      </Position>
      <Position>
        <Filename Value="src/FEMBeamMesher.pas"/>
        <Caret Line="50" Column="86" TopLine="23"/>
      </Position>
      <Position>
        <Filename Value="src/FEMBeamMesher.pas"/>
        <Caret Line="43" Column="55" TopLine="28"/>
      </Position>
      <Position>
        <Filename Value="src/MainUnit.pas"/>
        <Caret Line="1052" Column="18" TopLine="1037"/>
      </Position>
      <Position>
        <Filename Value="src/MainUnit.pas"/>
        <Caret Line="1055" Column="48" TopLine="1038"/>
      </Position>
      <Position>
        <Filename Value="src/MainUnit.pas"/>
        <Caret Line="1059" Column="9" TopLine="1038"/>
      </Position>
      <Position>
        <Filename Value="src/FEMBeamMesher.pas"/>
        <Caret Line="36" Column="9" TopLine="16"/>
      </Position>
      <Position>
        <Filename Value="src/FEMBeamMesher.pas"/>
        <Caret Line="42" Column="28" TopLine="25"/>
      </Position>
      <Position>
        <Filename Value="src/FEMBeamMesher.pas"/>
        <Caret Line="32" Column="22" TopLine="15"/>
      </Position>
      <Position>
        <Filename Value="src/FEMBeamMesher.pas"/>
        <Caret Line="46" Column="3" TopLine="25"/>
      </Position>
      <Position>
        <Filename Value="src/FEMBeamMesher.pas"/>
        <Caret Line="32" TopLine="7"/>
      </Position>
      <Position>
        <Filename Value="src/FEMBeamMesher.pas"/>
        <Caret Line="21" Column="22" TopLine="7"/>
      </Position>
      <Position>
        <Filename Value="src/FEMBeamMesher.pas"/>
        <Caret Line="70" Column="7" TopLine="48"/>
      </Position>
      <Position>
        <Filename Value="src/FEMTypes.pas"/>
        <Caret Line="28" Column="18"/>
      </Position>
      <Position>
        <Filename Value="src/MainUnit.pas"/>
        <Caret Line="1061" Column="24" TopLine="1038"/>
      </Position>
      <Position>
        <Filename Value="src/FEMBeamMesher.pas"/>
        <Caret Line="95" Column="6" TopLine="65"/>
      </Position>
      <Position>
        <Filename Value="src/MainUnit.pas"/>
        <Caret Line="1056" Column="5" TopLine="1038"/>
      </Position>
      <Position>
        <Filename Value="src/MainUnit.pas"/>
        <Caret Line="1112" Column="20" TopLine="1091"/>
      </Position>
      <Position>
        <Filename Value="src/MainUnit.pas"/>
        <Caret Line="1130" Column="110" TopLine="1124"/>
      </Position>
      <Position>
        <Filename Value="src/MainUnit.pas"/>
        <Caret Line="1127" Column="37" TopLine="1121"/>
      </Position>
      <Position>
        <Filename Value="src/MainUnit.pas"/>
        <Caret Line="1139" Column="48" TopLine="1121"/>
      </Position>
      <Position>
        <Filename Value="src/MainUnit.pas"/>
        <Caret Line="1150" Column="11" TopLine="1121"/>
      </Position>
      <Position>
        <Filename Value="src/MainUnit.pas"/>
        <Caret Line="1158" Column="14" TopLine="1129"/>
      </Position>
      <Position>
        <Filename Value="src/MainUnit.pas"/>
        <Caret Line="1148" Column="81" TopLine="1141"/>
      </Position>
      <Position>
        <Filename Value="src/MainUnit.pas"/>
        <Caret Line="1163" Column="29" TopLine="1145"/>
      </Position>
      <Position>
        <Filename Value="src/MainUnit.pas"/>
        <Caret Line="16" Column="9"/>
      </Position>
      <Position>
        <Filename Value="src/MainUnit.pas"/>
        <Caret Line="25" Column="8"/>
      </Position>
      <Position>
        <Filename Value="src/MainUnit.pas"/>
        <Caret Line="28" Column="24"/>
      </Position>
      <Position>
        <Filename Value="src/MainUnit.pas"/>
        <Caret Line="29" Column="24"/>
      </Position>
    </JumpHistory>
  </ProjectOptions>
  <CompilerOptions>
    <Version Value="11"/>
    <Target>
      <Filename Value="fem3d"/>
    </Target>
    <SearchPaths>
      <IncludeFiles Value="$(ProjOutDir)"/>
      <OtherUnitFiles Value="src"/>
      <UnitOutputDirectory Value="lib/$(TargetCPU)-$(TargetOS)"/>
    </SearchPaths>
    <Parsing>
      <SyntaxOptions>
        <UseAnsiStrings Value="False"/>
      </SyntaxOptions>
    </Parsing>
    <CodeGeneration>
      <TargetCPU Value="x86_64"/>
    </CodeGeneration>
    <Linking>
      <Debugging>
        <DebugInfoType Value="dsDwarf3"/>
      </Debugging>
    </Linking>
  </CompilerOptions>
</CONFIG>
