<?xml version="1.0" encoding="UTF-8"?>
<CONFIG><ProjectOptions><Version Value="12"/><BuildModes Count="1"><Item1 Name="Default"/></BuildModes><General><Title Value="FEM3D Linear Buckling Solver"/></General><SearchPaths><IncludeFiles Value="core"/><UnitPath Value="core"/></SearchPaths><Units Count="10"><Unit0><Filename Value="src/FEM3D_Buckling.lpr"/><IsPartOfProject Value="True"/></Unit0><Unit1><Filename Value="core/FEMTypes.pas"/><IsPartOfProject Value="True"/></Unit1><Unit2><Filename Value="core/FEMModel.pas"/><IsPartOfProject Value="True"/></Unit2><Unit3><Filename Value="core/FEMElements.pas"/><IsPartOfProject Value="True"/></Unit3><Unit4><Filename Value="core/FEMMatrix.pas"/><IsPartOfProject Value="True"/></Unit4><Unit5><Filename Value="core/FEMAnalysisCases.pas"/><IsPartOfProject Value="True"/></Unit5><Unit6><Filename Value="core/FEMAnalysis.pas"/><IsPartOfProject Value="True"/></Unit6><Unit7><Filename Value="core/FEMIO.pas"/><IsPartOfProject Value="True"/></Unit7><Unit8><Filename Value="core/FEMValidation.pas"/><IsPartOfProject Value="True"/></Unit8><Unit9><Filename Value="core/FEMHash.pas"/><IsPartOfProject Value="True"/></Unit9></Units></ProjectOptions></CONFIG>
